
Microsoft Visual Studio Solution File, Format Version 12.00
# Visual Studio Version 16
VisualStudioVersion = 16.0.34729.46
MinimumVisualStudioVersion = 10.0.40219.1
Project("{FAE04EC0-301F-11D3-BF4B-00C04F79EFBC}") = "TranslateTool", "TranslateTool.csproj", "{07BFF93D-E98D-4223-A43F-4DD26EB9CE7F}"
EndProject
Global
	GlobalSection(SolutionConfigurationPlatforms) = preSolution
		Debug|Any CPU = Debug|Any CPU
		Release|Any CPU = Release|Any CPU
	EndGlobalSection
	GlobalSection(ProjectConfigurationPlatforms) = postSolution
		{07BFF93D-E98D-4223-A43F-4DD26EB9CE7F}.Debug|Any CPU.ActiveCfg = Debug|Any CPU
		{07BFF93D-E98D-4223-A43F-4DD26EB9CE7F}.Debug|Any CPU.Build.0 = Debug|Any CPU
		{07BFF93D-E98D-4223-A43F-4DD26EB9CE7F}.Release|Any CPU.ActiveCfg = Release|Any CPU
		{07BFF93D-E98D-4223-A43F-4DD26EB9CE7F}.Release|Any CPU.Build.0 = Release|Any CPU
	EndGlobalSection
	GlobalSection(SolutionProperties) = preSolution
		HideSolutionNode = FALSE
	EndGlobalSection
	GlobalSection(ExtensibilityGlobals) = postSolution
		SolutionGuid = {407C178C-6ABC-4A44-A8BB-AD0E88DBF05B}
	EndGlobalSection
EndGlobal
